
Microsoft Visual Studio Solution File, Format Version 12.00
# Visual Studio Version 16
VisualStudioVersion = 16.0.29709.97
MinimumVisualStudioVersion = 10.0.40219.1
Project("{8BC9CEB8-8B4A-11D0-8D11-00A0C91BC942}") = "LauRogue", "LauRogue\LauRogue.vcxproj", "{6B88FCBA-ACF1-47AB-930D-C280D51AEC18}"
EndProject
Global
	GlobalSection(SolutionConfigurationPlatforms) = preSolution
		Debug|x64 = Debug|x64
		Debug|x86 = Debug|x86
		Release|x64 = Release|x64
		Release|x86 = Release|x86
	EndGlobalSection
	GlobalSection(ProjectConfigurationPlatforms) = postSolution
		{6B88FCBA-ACF1-47AB-930D-C280D51AEC18}.Debug|x64.ActiveCfg = Debug|x64
		{6B88FCBA-ACF1-47AB-930D-C280D51AEC18}.Debug|x64.Build.0 = Debug|x64
		{6B88FCBA-ACF1-47AB-930D-C280D51AEC18}.Debug|x86.ActiveCfg = Debug|Win32
		{6B88FCBA-ACF1-47AB-930D-C280D51AEC18}.Debug|x86.Build.0 = Debug|Win32
		{6B88FCBA-ACF1-47AB-930D-C280D51AEC18}.Release|x64.ActiveCfg = Release|x64
		{6B88FCBA-ACF1-47AB-930D-C280D51AEC18}.Release|x64.Build.0 = Release|x64
		{6B88FCBA-ACF1-47AB-930D-C280D51AEC18}.Release|x86.ActiveCfg = Release|Win32
		{6B88FCBA-ACF1-47AB-930D-C280D51AEC18}.Release|x86.Build.0 = Release|Win32
	EndGlobalSection
	GlobalSection(SolutionProperties) = preSolution
		HideSolutionNode = FALSE
	EndGlobalSection
	GlobalSection(ExtensibilityGlobals) = postSolution
		SolutionGuid = {68C176C0-4F88-4E68-B9E2-72F5C639B7BA}
	EndGlobalSection
EndGlobal
